// !$*UTF8*$!
{
	archiveVersion = 1;
	classes = {
	};
	objectVersion = 46;
	objects = {

/* Begin PBXBuildFile section */
		22074DE91B369E23009227D7 /* OverViewTableViewController.m in Sources */ = {isa = PBXBuildFile; fileRef = 22074DE81B369E23009227D7 /* OverViewTableViewController.m */; };
		22074DEC1B369EEC009227D7 /* HelpTableViewController.m in Sources */ = {isa = PBXBuildFile; fileRef = 22074DEB1B369EEC009227D7 /* HelpTableViewController.m */; };
		22074DEF1B369EFB009227D7 /* AboutTableViewController.m in Sources */ = {isa = PBXBuildFile; fileRef = 22074DEE1B369EFB009227D7 /* AboutTableViewController.m */; };
		22074DF21B369F10009227D7 /* CreateSprintTableViewController.m in Sources */ = {isa = PBXBuildFile; fileRef = 22074DF11B369F10009227D7 /* CreateSprintTableViewController.m */; };
		221226C21B2AE2E80027EBD4 /* UIViewExt.m in Sources */ = {isa = PBXBuildFile; fileRef = 221226C11B2AE2E80027EBD4 /* UIViewExt.m */; };
		221226C51B2AE5F20027EBD4 /* UIColor+Custom.m in Sources */ = {isa = PBXBuildFile; fileRef = 221226C41B2AE5F20027EBD4 /* UIColor+Custom.m */; };
		221226C81B2AE98C0027EBD4 /* CreateTableViewController.m in Sources */ = {isa = PBXBuildFile; fileRef = 221226C71B2AE98C0027EBD4 /* CreateTableViewController.m */; };
		223FF26A1B2AEEBE00F9D40F /* UIColor+HexString.m in Sources */ = {isa = PBXBuildFile; fileRef = 223FF2691B2AEEBE00F9D40F /* UIColor+HexString.m */; };
		223FF26D1B2B1A7900F9D40F /* CusPickerView.m in Sources */ = {isa = PBXBuildFile; fileRef = 223FF26C1B2B1A7900F9D40F /* CusPickerView.m */; };
		223FF2701B2B1AB300F9D40F /* DateHelper.m in Sources */ = {isa = PBXBuildFile; fileRef = 223FF26F1B2B1AB300F9D40F /* DateHelper.m */; };
		223FF2731B2B1C6200F9D40F /* NSDate+Helper.m in Sources */ = {isa = PBXBuildFile; fileRef = 223FF2721B2B1C6200F9D40F /* NSDate+Helper.m */; };
		226591581B2C1CCC000ABB2B /* UIKitCustomUtils.m in Sources */ = {isa = PBXBuildFile; fileRef = 226591571B2C1CCC000ABB2B /* UIKitCustomUtils.m */; };
		22AD72C41B30539F00910F87 /* DOPNavbarMenu.m in Sources */ = {isa = PBXBuildFile; fileRef = 22AD72C11B30539E00910F87 /* DOPNavbarMenu.m */; };
		22AD72C51B30539F00910F87 /* UIView+DOPExtension.m in Sources */ = {isa = PBXBuildFile; fileRef = 22AD72C31B30539E00910F87 /* UIView+DOPExtension.m */; };
		22C971F91B27022A00B568FD /* main.m in Sources */ = {isa = PBXBuildFile; fileRef = 22C971F81B27022A00B568FD /* main.m */; };
		22C971FC1B27022A00B568FD /* AppDelegate.m in Sources */ = {isa = PBXBuildFile; fileRef = 22C971FB1B27022A00B568FD /* AppDelegate.m */; };
		22C972021B27022A00B568FD /* Main.storyboard in Resources */ = {isa = PBXBuildFile; fileRef = 22C972001B27022A00B568FD /* Main.storyboard */; };
		22C972041B27022A00B568FD /* Images.xcassets in Resources */ = {isa = PBXBuildFile; fileRef = 22C972031B27022A00B568FD /* Images.xcassets */; };
		22C972131B27022A00B568FD /* SelfAgileTests.m in Sources */ = {isa = PBXBuildFile; fileRef = 22C972121B27022A00B568FD /* SelfAgileTests.m */; };
		22C972231B2705E600B568FD /* DBManager.m in Sources */ = {isa = PBXBuildFile; fileRef = 22C972221B2705E600B568FD /* DBManager.m */; };
		22C972261B2705ED00B568FD /* DBExecutingQueue.m in Sources */ = {isa = PBXBuildFile; fileRef = 22C972251B2705ED00B568FD /* DBExecutingQueue.m */; };
		22C9722F1B27075300B568FD /* UIKit.framework in Frameworks */ = {isa = PBXBuildFile; fileRef = 22C972271B27061800B568FD /* UIKit.framework */; };
		22C972301B27075300B568FD /* libsqlite3.dylib in Frameworks */ = {isa = PBXBuildFile; fileRef = 22C9722C1B27071C00B568FD /* libsqlite3.dylib */; };
		22C972321B27076B00B568FD /* Foundation.framework in Frameworks */ = {isa = PBXBuildFile; fileRef = 22C972311B27076B00B568FD /* Foundation.framework */; };
		22C972341B27077A00B568FD /* CoreGraphics.framework in Frameworks */ = {isa = PBXBuildFile; fileRef = 22C972331B27077A00B568FD /* CoreGraphics.framework */; };
		22C972371B27084D00B568FD /* MainViewController.m in Sources */ = {isa = PBXBuildFile; fileRef = 22C972361B27084D00B568FD /* MainViewController.m */; };
		22C9723E1B27094F00B568FD /* MentionPullToReactView.m in Sources */ = {isa = PBXBuildFile; fileRef = 22C9723D1B27094F00B568FD /* MentionPullToReactView.m */; };
		22C972681B270AC500B568FD /* MNTFakeGestureRecognizer.m in Sources */ = {isa = PBXBuildFile; fileRef = 22C972581B270AC500B568FD /* MNTFakeGestureRecognizer.m */; };
		22C972691B270AC500B568FD /* MNTPullToReactControl.m in Sources */ = {isa = PBXBuildFile; fileRef = 22C9725A1B270AC500B568FD /* MNTPullToReactControl.m */; };
		22C9726A1B270AC500B568FD /* MNTPullToReactControl+Utils.m in Sources */ = {isa = PBXBuildFile; fileRef = 22C9725D1B270AC500B568FD /* MNTPullToReactControl+Utils.m */; };
		22C9726B1B270AC500B568FD /* MNTPullToReactDefaultView.m in Sources */ = {isa = PBXBuildFile; fileRef = 22C9725F1B270AC500B568FD /* MNTPullToReactDefaultView.m */; };
		22C9726C1B270AC500B568FD /* MNTPullToReactView.m in Sources */ = {isa = PBXBuildFile; fileRef = 22C972611B270AC500B568FD /* MNTPullToReactView.m */; };
		22C9726D1B270AC500B568FD /* UITableView+MNTPullToReact.m in Sources */ = {isa = PBXBuildFile; fileRef = 22C972651B270AC500B568FD /* UITableView+MNTPullToReact.m */; };
		22C9726E1B270AC500B568FD /* UIWebView+MNTPullToReact.m in Sources */ = {isa = PBXBuildFile; fileRef = 22C972671B270AC500B568FD /* UIWebView+MNTPullToReact.m */; };
		22C972841B270C0C00B568FD /* pulldown-archive-hled.png in Resources */ = {isa = PBXBuildFile; fileRef = 22C972701B270C0C00B568FD /* pulldown-archive-hled.png */; };
		22C972851B270C0C00B568FD /* pulldown-archive-hled@2x.png in Resources */ = {isa = PBXBuildFile; fileRef = 22C972711B270C0C00B568FD /* pulldown-archive-hled@2x.png */; };
		22C972861B270C0C00B568FD /* pulldown-archive.png in Resources */ = {isa = PBXBuildFile; fileRef = 22C972721B270C0C00B568FD /* pulldown-archive.png */; };
		22C972871B270C0C00B568FD /* pulldown-archive@2x.png in Resources */ = {isa = PBXBuildFile; fileRef = 22C972731B270C0C00B568FD /* pulldown-archive@2x.png */; };
		22C9728C1B270C0C00B568FD /* pulldown-favorite-hled.png in Resources */ = {isa = PBXBuildFile; fileRef = 22C972781B270C0C00B568FD /* pulldown-favorite-hled.png */; };
		22C9728D1B270C0C00B568FD /* pulldown-favorite-hled@2x.png in Resources */ = {isa = PBXBuildFile; fileRef = 22C972791B270C0C00B568FD /* pulldown-favorite-hled@2x.png */; };
		22C9728E1B270C0C00B568FD /* pulldown-favorite.png in Resources */ = {isa = PBXBuildFile; fileRef = 22C9727A1B270C0C00B568FD /* pulldown-favorite.png */; };
		22C9728F1B270C0C00B568FD /* pulldown-favorite@2x.png in Resources */ = {isa = PBXBuildFile; fileRef = 22C9727B1B270C0C00B568FD /* pulldown-favorite@2x.png */; };
		22C972941B270C0C00B568FD /* pulldown-trash-hled.png in Resources */ = {isa = PBXBuildFile; fileRef = 22C972801B270C0C00B568FD /* pulldown-trash-hled.png */; };
		22C972951B270C0C00B568FD /* pulldown-trash-hled@2x.png in Resources */ = {isa = PBXBuildFile; fileRef = 22C972811B270C0C00B568FD /* pulldown-trash-hled@2x.png */; };
		22C972961B270C0C00B568FD /* pulldown-trash.png in Resources */ = {isa = PBXBuildFile; fileRef = 22C972821B270C0C00B568FD /* pulldown-trash.png */; };
		22C972971B270C0C00B568FD /* pulldown-trash@2x.png in Resources */ = {isa = PBXBuildFile; fileRef = 22C972831B270C0C00B568FD /* pulldown-trash@2x.png */; };
		22C9729A1B270EE400B568FD /* UITableView+Helper.m in Sources */ = {isa = PBXBuildFile; fileRef = 22C972991B270EE400B568FD /* UITableView+Helper.m */; };
		22C9729D1B27115200B568FD /* UIImage+Helper.m in Sources */ = {isa = PBXBuildFile; fileRef = 22C9729C1B27115200B568FD /* UIImage+Helper.m */; };
		22C972A01B27127900B568FD /* SAToDoTableViewCell.m in Sources */ = {isa = PBXBuildFile; fileRef = 22C9729F1B27127900B568FD /* SAToDoTableViewCell.m */; };
		22C972A41B2712E900B568FD /* SAEvent.m in Sources */ = {isa = PBXBuildFile; fileRef = 22C972A31B2712E900B568FD /* SAEvent.m */; };
		22C972A71B27130500B568FD /* SADoingTableViewCell.m in Sources */ = {isa = PBXBuildFile; fileRef = 22C972A61B27130500B568FD /* SADoingTableViewCell.m */; };
		22C972AA1B27131000B568FD /* SADoneTableViewCell.m in Sources */ = {isa = PBXBuildFile; fileRef = 22C972A91B27131000B568FD /* SADoneTableViewCell.m */; };
		22EA913F1B2C84A100BE3CA7 /* LBorderView.m in Sources */ = {isa = PBXBuildFile; fileRef = 22EA913E1B2C84A100BE3CA7 /* LBorderView.m */; };
		22EA91421B2D0AC500BE3CA7 /* TWMessageBarManager.m in Sources */ = {isa = PBXBuildFile; fileRef = 22EA91411B2D0AC500BE3CA7 /* TWMessageBarManager.m */; };
		22EA91491B2D0AD600BE3CA7 /* icon-error.png in Resources */ = {isa = PBXBuildFile; fileRef = 22EA91431B2D0AD600BE3CA7 /* icon-error.png */; };
		22EA914A1B2D0AD600BE3CA7 /* icon-error@2x.png in Resources */ = {isa = PBXBuildFile; fileRef = 22EA91441B2D0AD600BE3CA7 /* icon-error@2x.png */; };
		22EA914B1B2D0AD600BE3CA7 /* icon-info.png in Resources */ = {isa = PBXBuildFile; fileRef = 22EA91451B2D0AD600BE3CA7 /* icon-info.png */; };
		22EA914C1B2D0AD600BE3CA7 /* icon-info@2x.png in Resources */ = {isa = PBXBuildFile; fileRef = 22EA91461B2D0AD600BE3CA7 /* icon-info@2x.png */; };
		22EA914D1B2D0AD600BE3CA7 /* icon-success.png in Resources */ = {isa = PBXBuildFile; fileRef = 22EA91471B2D0AD600BE3CA7 /* icon-success.png */; };
		22EA914E1B2D0AD600BE3CA7 /* icon-success@2x.png in Resources */ = {isa = PBXBuildFile; fileRef = 22EA91481B2D0AD600BE3CA7 /* icon-success@2x.png */; };
		22F3F9821B284B13004E767E /* DictionaryJSONStringConvertor.m in Sources */ = {isa = PBXBuildFile; fileRef = 22F3F9811B284B13004E767E /* DictionaryJSONStringConvertor.m */; };
		22F3F9941B284B82004E767E /* SBJson4Parser.m in Sources */ = {isa = PBXBuildFile; fileRef = 22F3F9871B284B82004E767E /* SBJson4Parser.m */; };
		22F3F9951B284B82004E767E /* SBJson4StreamParser.m in Sources */ = {isa = PBXBuildFile; fileRef = 22F3F9891B284B82004E767E /* SBJson4StreamParser.m */; };
		22F3F9961B284B82004E767E /* SBJson4StreamParserState.m in Sources */ = {isa = PBXBuildFile; fileRef = 22F3F98B1B284B82004E767E /* SBJson4StreamParserState.m */; };
		22F3F9971B284B82004E767E /* SBJson4StreamTokeniser.m in Sources */ = {isa = PBXBuildFile; fileRef = 22F3F98D1B284B82004E767E /* SBJson4StreamTokeniser.m */; };
		22F3F9981B284B82004E767E /* SBJson4StreamWriter.m in Sources */ = {isa = PBXBuildFile; fileRef = 22F3F98F1B284B82004E767E /* SBJson4StreamWriter.m */; };
		22F3F9991B284B82004E767E /* SBJson4StreamWriterState.m in Sources */ = {isa = PBXBuildFile; fileRef = 22F3F9911B284B82004E767E /* SBJson4StreamWriterState.m */; };
		22F3F99A1B284B82004E767E /* SBJson4Writer.m in Sources */ = {isa = PBXBuildFile; fileRef = 22F3F9931B284B82004E767E /* SBJson4Writer.m */; };
		22F3F99C1B286551004E767E /* SelfAgile.db in Resources */ = {isa = PBXBuildFile; fileRef = 22F3F99B1B286551004E767E /* SelfAgile.db */; };
/* End PBXBuildFile section */

/* Begin PBXContainerItemProxy section */
		22C9720D1B27022A00B568FD /* PBXContainerItemProxy */ = {
			isa = PBXContainerItemProxy;
			containerPortal = 22C971EB1B27022A00B568FD /* Project object */;
			proxyType = 1;
			remoteGlobalIDString = 22C971F21B27022A00B568FD;
			remoteInfo = SelfAgile;
		};
/* End PBXContainerItemProxy section */

/* Begin PBXFileReference section */
		22074DE71B369E23009227D7 /* OverViewTableViewController.h */ = {isa = PBXFileReference; fileEncoding = 4; lastKnownFileType = sourcecode.c.h; path = OverViewTableViewController.h; sourceTree = "<group>"; };
		22074DE81B369E23009227D7 /* OverViewTableViewController.m */ = {isa = PBXFileReference; fileEncoding = 4; lastKnownFileType = sourcecode.c.objc; path = OverViewTableViewController.m; sourceTree = "<group>"; };
		22074DEA1B369EEC009227D7 /* HelpTableViewController.h */ = {isa = PBXFileReference; fileEncoding = 4; lastKnownFileType = sourcecode.c.h; path = HelpTableViewController.h; sourceTree = "<group>"; };
		22074DEB1B369EEC009227D7 /* HelpTableViewController.m */ = {isa = PBXFileReference; fileEncoding = 4; lastKnownFileType = sourcecode.c.objc; path = HelpTableViewController.m; sourceTree = "<group>"; };
		22074DED1B369EFB009227D7 /* AboutTableViewController.h */ = {isa = PBXFileReference; fileEncoding = 4; lastKnownFileType = sourcecode.c.h; path = AboutTableViewController.h; sourceTree = "<group>"; };
		22074DEE1B369EFB009227D7 /* AboutTableViewController.m */ = {isa = PBXFileReference; fileEncoding = 4; lastKnownFileType = sourcecode.c.objc; path = AboutTableViewController.m; sourceTree = "<group>"; };
		22074DF01B369F10009227D7 /* CreateSprintTableViewController.h */ = {isa = PBXFileReference; fileEncoding = 4; lastKnownFileType = sourcecode.c.h; path = CreateSprintTableViewController.h; sourceTree = "<group>"; };
		22074DF11B369F10009227D7 /* CreateSprintTableViewController.m */ = {isa = PBXFileReference; fileEncoding = 4; lastKnownFileType = sourcecode.c.objc; path = CreateSprintTableViewController.m; sourceTree = "<group>"; };
		221226C01B2AE2E80027EBD4 /* UIViewExt.h */ = {isa = PBXFileReference; fileEncoding = 4; lastKnownFileType = sourcecode.c.h; path = UIViewExt.h; sourceTree = "<group>"; };
		221226C11B2AE2E80027EBD4 /* UIViewExt.m */ = {isa = PBXFileReference; fileEncoding = 4; lastKnownFileType = sourcecode.c.objc; path = UIViewExt.m; sourceTree = "<group>"; };
		221226C31B2AE5F20027EBD4 /* UIColor+Custom.h */ = {isa = PBXFileReference; fileEncoding = 4; lastKnownFileType = sourcecode.c.h; path = "UIColor+Custom.h"; sourceTree = "<group>"; };
		221226C41B2AE5F20027EBD4 /* UIColor+Custom.m */ = {isa = PBXFileReference; fileEncoding = 4; lastKnownFileType = sourcecode.c.objc; path = "UIColor+Custom.m"; sourceTree = "<group>"; };
		221226C61B2AE98C0027EBD4 /* CreateTableViewController.h */ = {isa = PBXFileReference; fileEncoding = 4; lastKnownFileType = sourcecode.c.h; path = CreateTableViewController.h; sourceTree = "<group>"; };
		221226C71B2AE98C0027EBD4 /* CreateTableViewController.m */ = {isa = PBXFileReference; fileEncoding = 4; lastKnownFileType = sourcecode.c.objc; path = CreateTableViewController.m; sourceTree = "<group>"; };
		223FF2681B2AEEBE00F9D40F /* UIColor+HexString.h */ = {isa = PBXFileReference; fileEncoding = 4; lastKnownFileType = sourcecode.c.h; path = "UIColor+HexString.h"; sourceTree = "<group>"; };
		223FF2691B2AEEBE00F9D40F /* UIColor+HexString.m */ = {isa = PBXFileReference; fileEncoding = 4; lastKnownFileType = sourcecode.c.objc; path = "UIColor+HexString.m"; sourceTree = "<group>"; };
		223FF26B1B2B1A7900F9D40F /* CusPickerView.h */ = {isa = PBXFileReference; fileEncoding = 4; lastKnownFileType = sourcecode.c.h; path = CusPickerView.h; sourceTree = "<group>"; };
		223FF26C1B2B1A7900F9D40F /* CusPickerView.m */ = {isa = PBXFileReference; fileEncoding = 4; lastKnownFileType = sourcecode.c.objc; path = CusPickerView.m; sourceTree = "<group>"; };
		223FF26E1B2B1AB300F9D40F /* DateHelper.h */ = {isa = PBXFileReference; fileEncoding = 4; lastKnownFileType = sourcecode.c.h; path = DateHelper.h; sourceTree = "<group>"; };
		223FF26F1B2B1AB300F9D40F /* DateHelper.m */ = {isa = PBXFileReference; fileEncoding = 4; lastKnownFileType = sourcecode.c.objc; path = DateHelper.m; sourceTree = "<group>"; };
		223FF2711B2B1C6200F9D40F /* NSDate+Helper.h */ = {isa = PBXFileReference; fileEncoding = 4; lastKnownFileType = sourcecode.c.h; path = "NSDate+Helper.h"; sourceTree = "<group>"; };
		223FF2721B2B1C6200F9D40F /* NSDate+Helper.m */ = {isa = PBXFileReference; fileEncoding = 4; lastKnownFileType = sourcecode.c.objc; path = "NSDate+Helper.m"; sourceTree = "<group>"; };
		226591561B2C1CCC000ABB2B /* UIKitCustomUtils.h */ = {isa = PBXFileReference; fileEncoding = 4; lastKnownFileType = sourcecode.c.h; path = UIKitCustomUtils.h; sourceTree = "<group>"; };
		226591571B2C1CCC000ABB2B /* UIKitCustomUtils.m */ = {isa = PBXFileReference; fileEncoding = 4; lastKnownFileType = sourcecode.c.objc; path = UIKitCustomUtils.m; sourceTree = "<group>"; };
		22AD72BE1B3050F800910F87 /* StringConstant.h */ = {isa = PBXFileReference; fileEncoding = 4; lastKnownFileType = sourcecode.c.h; path = StringConstant.h; sourceTree = "<group>"; };
		22AD72C01B30539E00910F87 /* DOPNavbarMenu.h */ = {isa = PBXFileReference; fileEncoding = 4; lastKnownFileType = sourcecode.c.h; path = DOPNavbarMenu.h; sourceTree = "<group>"; };
		22AD72C11B30539E00910F87 /* DOPNavbarMenu.m */ = {isa = PBXFileReference; fileEncoding = 4; lastKnownFileType = sourcecode.c.objc; path = DOPNavbarMenu.m; sourceTree = "<group>"; };
		22AD72C21B30539E00910F87 /* UIView+DOPExtension.h */ = {isa = PBXFileReference; fileEncoding = 4; lastKnownFileType = sourcecode.c.h; path = "UIView+DOPExtension.h"; sourceTree = "<group>"; };
		22AD72C31B30539E00910F87 /* UIView+DOPExtension.m */ = {isa = PBXFileReference; fileEncoding = 4; lastKnownFileType = sourcecode.c.objc; path = "UIView+DOPExtension.m"; sourceTree = "<group>"; };
		22C971F31B27022A00B568FD /* SelfAgile.app */ = {isa = PBXFileReference; explicitFileType = wrapper.application; includeInIndex = 0; path = SelfAgile.app; sourceTree = BUILT_PRODUCTS_DIR; };
		22C971F71B27022A00B568FD /* Info.plist */ = {isa = PBXFileReference; lastKnownFileType = text.plist.xml; path = Info.plist; sourceTree = "<group>"; };
		22C971F81B27022A00B568FD /* main.m */ = {isa = PBXFileReference; lastKnownFileType = sourcecode.c.objc; path = main.m; sourceTree = "<group>"; };
		22C971FA1B27022A00B568FD /* AppDelegate.h */ = {isa = PBXFileReference; lastKnownFileType = sourcecode.c.h; path = AppDelegate.h; sourceTree = "<group>"; };
		22C971FB1B27022A00B568FD /* AppDelegate.m */ = {isa = PBXFileReference; lastKnownFileType = sourcecode.c.objc; path = AppDelegate.m; sourceTree = "<group>"; };
		22C972011B27022A00B568FD /* Base */ = {isa = PBXFileReference; lastKnownFileType = file.storyboard; name = Base; path = Base.lproj/Main.storyboard; sourceTree = "<group>"; };
		22C972031B27022A00B568FD /* Images.xcassets */ = {isa = PBXFileReference; lastKnownFileType = folder.assetcatalog; path = Images.xcassets; sourceTree = "<group>"; };
		22C9720C1B27022A00B568FD /* SelfAgileTests.xctest */ = {isa = PBXFileReference; explicitFileType = wrapper.cfbundle; includeInIndex = 0; path = SelfAgileTests.xctest; sourceTree = BUILT_PRODUCTS_DIR; };
		22C972111B27022A00B568FD /* Info.plist */ = {isa = PBXFileReference; lastKnownFileType = text.plist.xml; path = Info.plist; sourceTree = "<group>"; };
		22C972121B27022A00B568FD /* SelfAgileTests.m */ = {isa = PBXFileReference; lastKnownFileType = sourcecode.c.objc; path = SelfAgileTests.m; sourceTree = "<group>"; };
		22C972211B2705E600B568FD /* DBManager.h */ = {isa = PBXFileReference; fileEncoding = 4; lastKnownFileType = sourcecode.c.h; path = DBManager.h; sourceTree = "<group>"; };
		22C972221B2705E600B568FD /* DBManager.m */ = {isa = PBXFileReference; fileEncoding = 4; lastKnownFileType = sourcecode.c.objc; path = DBManager.m; sourceTree = "<group>"; };
		22C972241B2705ED00B568FD /* DBExecutingQueue.h */ = {isa = PBXFileReference; fileEncoding = 4; lastKnownFileType = sourcecode.c.h; path = DBExecutingQueue.h; sourceTree = "<group>"; };
		22C972251B2705ED00B568FD /* DBExecutingQueue.m */ = {isa = PBXFileReference; fileEncoding = 4; lastKnownFileType = sourcecode.c.objc; path = DBExecutingQueue.m; sourceTree = "<group>"; };
		22C972271B27061800B568FD /* UIKit.framework */ = {isa = PBXFileReference; lastKnownFileType = wrapper.framework; name = UIKit.framework; path = System/Library/Frameworks/UIKit.framework; sourceTree = SDKROOT; };
		22C9722B1B2706B300B568FD /* PrefixHeader.pch */ = {isa = PBXFileReference; fileEncoding = 4; lastKnownFileType = sourcecode.c.h; path = PrefixHeader.pch; sourceTree = "<group>"; };
		22C9722C1B27071C00B568FD /* libsqlite3.dylib */ = {isa = PBXFileReference; lastKnownFileType = "compiled.mach-o.dylib"; name = libsqlite3.dylib; path = usr/lib/libsqlite3.dylib; sourceTree = SDKROOT; };
		22C972311B27076B00B568FD /* Foundation.framework */ = {isa = PBXFileReference; lastKnownFileType = wrapper.framework; name = Foundation.framework; path = System/Library/Frameworks/Foundation.framework; sourceTree = SDKROOT; };
		22C972331B27077A00B568FD /* CoreGraphics.framework */ = {isa = PBXFileReference; lastKnownFileType = wrapper.framework; name = CoreGraphics.framework; path = System/Library/Frameworks/CoreGraphics.framework; sourceTree = SDKROOT; };
		22C972351B27084D00B568FD /* MainViewController.h */ = {isa = PBXFileReference; fileEncoding = 4; lastKnownFileType = sourcecode.c.h; path = MainViewController.h; sourceTree = "<group>"; };
		22C972361B27084D00B568FD /* MainViewController.m */ = {isa = PBXFileReference; fileEncoding = 4; lastKnownFileType = sourcecode.c.objc; path = MainViewController.m; sourceTree = "<group>"; };
		22C9723C1B27094F00B568FD /* MentionPullToReactView.h */ = {isa = PBXFileReference; fileEncoding = 4; lastKnownFileType = sourcecode.c.h; path = MentionPullToReactView.h; sourceTree = "<group>"; };
		22C9723D1B27094F00B568FD /* MentionPullToReactView.m */ = {isa = PBXFileReference; fileEncoding = 4; lastKnownFileType = sourcecode.c.objc; path = MentionPullToReactView.m; sourceTree = "<group>"; };
		22C972571B270AC500B568FD /* MNTFakeGestureRecognizer.h */ = {isa = PBXFileReference; fileEncoding = 4; lastKnownFileType = sourcecode.c.h; path = MNTFakeGestureRecognizer.h; sourceTree = "<group>"; };
		22C972581B270AC500B568FD /* MNTFakeGestureRecognizer.m */ = {isa = PBXFileReference; fileEncoding = 4; lastKnownFileType = sourcecode.c.objc; path = MNTFakeGestureRecognizer.m; sourceTree = "<group>"; };
		22C972591B270AC500B568FD /* MNTPullToReactControl.h */ = {isa = PBXFileReference; fileEncoding = 4; lastKnownFileType = sourcecode.c.h; path = MNTPullToReactControl.h; sourceTree = "<group>"; };
		22C9725A1B270AC500B568FD /* MNTPullToReactControl.m */ = {isa = PBXFileReference; fileEncoding = 4; lastKnownFileType = sourcecode.c.objc; path = MNTPullToReactControl.m; sourceTree = "<group>"; };
		22C9725B1B270AC500B568FD /* MNTPullToReactControl+Private.h */ = {isa = PBXFileReference; fileEncoding = 4; lastKnownFileType = sourcecode.c.h; path = "MNTPullToReactControl+Private.h"; sourceTree = "<group>"; };
		22C9725C1B270AC500B568FD /* MNTPullToReactControl+Utils.h */ = {isa = PBXFileReference; fileEncoding = 4; lastKnownFileType = sourcecode.c.h; path = "MNTPullToReactControl+Utils.h"; sourceTree = "<group>"; };
		22C9725D1B270AC500B568FD /* MNTPullToReactControl+Utils.m */ = {isa = PBXFileReference; fileEncoding = 4; lastKnownFileType = sourcecode.c.objc; path = "MNTPullToReactControl+Utils.m"; sourceTree = "<group>"; };
		22C9725E1B270AC500B568FD /* MNTPullToReactDefaultView.h */ = {isa = PBXFileReference; fileEncoding = 4; lastKnownFileType = sourcecode.c.h; path = MNTPullToReactDefaultView.h; sourceTree = "<group>"; };
		22C9725F1B270AC500B568FD /* MNTPullToReactDefaultView.m */ = {isa = PBXFileReference; fileEncoding = 4; lastKnownFileType = sourcecode.c.objc; path = MNTPullToReactDefaultView.m; sourceTree = "<group>"; };
		22C972601B270AC500B568FD /* MNTPullToReactView.h */ = {isa = PBXFileReference; fileEncoding = 4; lastKnownFileType = sourcecode.c.h; path = MNTPullToReactView.h; sourceTree = "<group>"; };
		22C972611B270AC500B568FD /* MNTPullToReactView.m */ = {isa = PBXFileReference; fileEncoding = 4; lastKnownFileType = sourcecode.c.objc; path = MNTPullToReactView.m; sourceTree = "<group>"; };
		22C972621B270AC500B568FD /* PullToReact-Prefix.pch */ = {isa = PBXFileReference; fileEncoding = 4; lastKnownFileType = sourcecode.c.h; path = "PullToReact-Prefix.pch"; sourceTree = "<group>"; };
		22C972631B270AC500B568FD /* PullToReact.h */ = {isa = PBXFileReference; fileEncoding = 4; lastKnownFileType = sourcecode.c.h; path = PullToReact.h; sourceTree = "<group>"; };
		22C972641B270AC500B568FD /* UITableView+MNTPullToReact.h */ = {isa = PBXFileReference; fileEncoding = 4; lastKnownFileType = sourcecode.c.h; path = "UITableView+MNTPullToReact.h"; sourceTree = "<group>"; };
		22C972651B270AC500B568FD /* UITableView+MNTPullToReact.m */ = {isa = PBXFileReference; fileEncoding = 4; lastKnownFileType = sourcecode.c.objc; path = "UITableView+MNTPullToReact.m"; sourceTree = "<group>"; };
		22C972661B270AC500B568FD /* UIWebView+MNTPullToReact.h */ = {isa = PBXFileReference; fileEncoding = 4; lastKnownFileType = sourcecode.c.h; path = "UIWebView+MNTPullToReact.h"; sourceTree = "<group>"; };
		22C972671B270AC500B568FD /* UIWebView+MNTPullToReact.m */ = {isa = PBXFileReference; fileEncoding = 4; lastKnownFileType = sourcecode.c.objc; path = "UIWebView+MNTPullToReact.m"; sourceTree = "<group>"; };
		22C972701B270C0C00B568FD /* pulldown-archive-hled.png */ = {isa = PBXFileReference; lastKnownFileType = image.png; path = "pulldown-archive-hled.png"; sourceTree = "<group>"; };
		22C972711B270C0C00B568FD /* pulldown-archive-hled@2x.png */ = {isa = PBXFileReference; lastKnownFileType = image.png; path = "pulldown-archive-hled@2x.png"; sourceTree = "<group>"; };
		22C972721B270C0C00B568FD /* pulldown-archive.png */ = {isa = PBXFileReference; lastKnownFileType = image.png; path = "pulldown-archive.png"; sourceTree = "<group>"; };
		22C972731B270C0C00B568FD /* pulldown-archive@2x.png */ = {isa = PBXFileReference; lastKnownFileType = image.png; path = "pulldown-archive@2x.png"; sourceTree = "<group>"; };
		22C972781B270C0C00B568FD /* pulldown-favorite-hled.png */ = {isa = PBXFileReference; lastKnownFileType = image.png; path = "pulldown-favorite-hled.png"; sourceTree = "<group>"; };
		22C972791B270C0C00B568FD /* pulldown-favorite-hled@2x.png */ = {isa = PBXFileReference; lastKnownFileType = image.png; path = "pulldown-favorite-hled@2x.png"; sourceTree = "<group>"; };
		22C9727A1B270C0C00B568FD /* pulldown-favorite.png */ = {isa = PBXFileReference; lastKnownFileType = image.png; path = "pulldown-favorite.png"; sourceTree = "<group>"; };
		22C9727B1B270C0C00B568FD /* pulldown-favorite@2x.png */ = {isa = PBXFileReference; lastKnownFileType = image.png; path = "pulldown-favorite@2x.png"; sourceTree = "<group>"; };
		22C972801B270C0C00B568FD /* pulldown-trash-hled.png */ = {isa = PBXFileReference; lastKnownFileType = image.png; path = "pulldown-trash-hled.png"; sourceTree = "<group>"; };
		22C972811B270C0C00B568FD /* pulldown-trash-hled@2x.png */ = {isa = PBXFileReference; lastKnownFileType = image.png; path = "pulldown-trash-hled@2x.png"; sourceTree = "<group>"; };
		22C972821B270C0C00B568FD /* pulldown-trash.png */ = {isa = PBXFileReference; lastKnownFileType = image.png; path = "pulldown-trash.png"; sourceTree = "<group>"; };
		22C972831B270C0C00B568FD /* pulldown-trash@2x.png */ = {isa = PBXFileReference; lastKnownFileType = image.png; path = "pulldown-trash@2x.png"; sourceTree = "<group>"; };
		22C972981B270EE400B568FD /* UITableView+Helper.h */ = {isa = PBXFileReference; fileEncoding = 4; lastKnownFileType = sourcecode.c.h; path = "UITableView+Helper.h"; sourceTree = "<group>"; };
		22C972991B270EE400B568FD /* UITableView+Helper.m */ = {isa = PBXFileReference; fileEncoding = 4; lastKnownFileType = sourcecode.c.objc; path = "UITableView+Helper.m"; sourceTree = "<group>"; };
		22C9729B1B27115200B568FD /* UIImage+Helper.h */ = {isa = PBXFileReference; fileEncoding = 4; lastKnownFileType = sourcecode.c.h; path = "UIImage+Helper.h"; sourceTree = "<group>"; };
		22C9729C1B27115200B568FD /* UIImage+Helper.m */ = {isa = PBXFileReference; fileEncoding = 4; lastKnownFileType = sourcecode.c.objc; path = "UIImage+Helper.m"; sourceTree = "<group>"; };
		22C9729E1B27127900B568FD /* SAToDoTableViewCell.h */ = {isa = PBXFileReference; fileEncoding = 4; lastKnownFileType = sourcecode.c.h; path = SAToDoTableViewCell.h; sourceTree = "<group>"; };
		22C9729F1B27127900B568FD /* SAToDoTableViewCell.m */ = {isa = PBXFileReference; fileEncoding = 4; lastKnownFileType = sourcecode.c.objc; path = SAToDoTableViewCell.m; sourceTree = "<group>"; };
		22C972A21B2712E900B568FD /* SAEvent.h */ = {isa = PBXFileReference; fileEncoding = 4; lastKnownFileType = sourcecode.c.h; path = SAEvent.h; sourceTree = "<group>"; };
		22C972A31B2712E900B568FD /* SAEvent.m */ = {isa = PBXFileReference; fileEncoding = 4; lastKnownFileType = sourcecode.c.objc; path = SAEvent.m; sourceTree = "<group>"; };
		22C972A51B27130500B568FD /* SADoingTableViewCell.h */ = {isa = PBXFileReference; fileEncoding = 4; lastKnownFileType = sourcecode.c.h; path = SADoingTableViewCell.h; sourceTree = "<group>"; };
		22C972A61B27130500B568FD /* SADoingTableViewCell.m */ = {isa = PBXFileReference; fileEncoding = 4; lastKnownFileType = sourcecode.c.objc; path = SADoingTableViewCell.m; sourceTree = "<group>"; };
		22C972A81B27131000B568FD /* SADoneTableViewCell.h */ = {isa = PBXFileReference; fileEncoding = 4; lastKnownFileType = sourcecode.c.h; path = SADoneTableViewCell.h; sourceTree = "<group>"; };
		22C972A91B27131000B568FD /* SADoneTableViewCell.m */ = {isa = PBXFileReference; fileEncoding = 4; lastKnownFileType = sourcecode.c.objc; path = SADoneTableViewCell.m; sourceTree = "<group>"; };
		22EA913D1B2C84A100BE3CA7 /* LBorderView.h */ = {isa = PBXFileReference; fileEncoding = 4; lastKnownFileType = sourcecode.c.h; path = LBorderView.h; sourceTree = "<group>"; };
		22EA913E1B2C84A100BE3CA7 /* LBorderView.m */ = {isa = PBXFileReference; fileEncoding = 4; lastKnownFileType = sourcecode.c.objc; path = LBorderView.m; sourceTree = "<group>"; };
		22EA91401B2D0AC500BE3CA7 /* TWMessageBarManager.h */ = {isa = PBXFileReference; fileEncoding = 4; lastKnownFileType = sourcecode.c.h; path = TWMessageBarManager.h; sourceTree = "<group>"; };
		22EA91411B2D0AC500BE3CA7 /* TWMessageBarManager.m */ = {isa = PBXFileReference; fileEncoding = 4; lastKnownFileType = sourcecode.c.objc; path = TWMessageBarManager.m; sourceTree = "<group>"; };
		22EA91431B2D0AD600BE3CA7 /* icon-error.png */ = {isa = PBXFileReference; lastKnownFileType = image.png; path = "icon-error.png"; sourceTree = "<group>"; };
		22EA91441B2D0AD600BE3CA7 /* icon-error@2x.png */ = {isa = PBXFileReference; lastKnownFileType = image.png; path = "icon-error@2x.png"; sourceTree = "<group>"; };
		22EA91451B2D0AD600BE3CA7 /* icon-info.png */ = {isa = PBXFileReference; lastKnownFileType = image.png; path = "icon-info.png"; sourceTree = "<group>"; };
		22EA91461B2D0AD600BE3CA7 /* icon-info@2x.png */ = {isa = PBXFileReference; lastKnownFileType = image.png; path = "icon-info@2x.png"; sourceTree = "<group>"; };
		22EA91471B2D0AD600BE3CA7 /* icon-success.png */ = {isa = PBXFileReference; lastKnownFileType = image.png; path = "icon-success.png"; sourceTree = "<group>"; };
		22EA91481B2D0AD600BE3CA7 /* icon-success@2x.png */ = {isa = PBXFileReference; lastKnownFileType = image.png; path = "icon-success@2x.png"; sourceTree = "<group>"; };
		22F3F9801B284B13004E767E /* DictionaryJSONStringConvertor.h */ = {isa = PBXFileReference; fileEncoding = 4; lastKnownFileType = sourcecode.c.h; path = DictionaryJSONStringConvertor.h; sourceTree = "<group>"; };
		22F3F9811B284B13004E767E /* DictionaryJSONStringConvertor.m */ = {isa = PBXFileReference; fileEncoding = 4; lastKnownFileType = sourcecode.c.objc; path = DictionaryJSONStringConvertor.m; sourceTree = "<group>"; };
		22F3F9851B284B82004E767E /* SBJson4.h */ = {isa = PBXFileReference; fileEncoding = 4; lastKnownFileType = sourcecode.c.h; path = SBJson4.h; sourceTree = "<group>"; };
		22F3F9861B284B82004E767E /* SBJson4Parser.h */ = {isa = PBXFileReference; fileEncoding = 4; lastKnownFileType = sourcecode.c.h; path = SBJson4Parser.h; sourceTree = "<group>"; };
		22F3F9871B284B82004E767E /* SBJson4Parser.m */ = {isa = PBXFileReference; fileEncoding = 4; lastKnownFileType = sourcecode.c.objc; path = SBJson4Parser.m; sourceTree = "<group>"; };
		22F3F9881B284B82004E767E /* SBJson4StreamParser.h */ = {isa = PBXFileReference; fileEncoding = 4; lastKnownFileType = sourcecode.c.h; path = SBJson4StreamParser.h; sourceTree = "<group>"; };
		22F3F9891B284B82004E767E /* SBJson4StreamParser.m */ = {isa = PBXFileReference; fileEncoding = 4; lastKnownFileType = sourcecode.c.objc; path = SBJson4StreamParser.m; sourceTree = "<group>"; };
		22F3F98A1B284B82004E767E /* SBJson4StreamParserState.h */ = {isa = PBXFileReference; fileEncoding = 4; lastKnownFileType = sourcecode.c.h; path = SBJson4StreamParserState.h; sourceTree = "<group>"; };
		22F3F98B1B284B82004E767E /* SBJson4StreamParserState.m */ = {isa = PBXFileReference; fileEncoding = 4; lastKnownFileType = sourcecode.c.objc; path = SBJson4StreamParserState.m; sourceTree = "<group>"; };
		22F3F98C1B284B82004E767E /* SBJson4StreamTokeniser.h */ = {isa = PBXFileReference; fileEncoding = 4; lastKnownFileType = sourcecode.c.h; path = SBJson4StreamTokeniser.h; sourceTree = "<group>"; };
		22F3F98D1B284B82004E767E /* SBJson4StreamTokeniser.m */ = {isa = PBXFileReference; fileEncoding = 4; lastKnownFileType = sourcecode.c.objc; path = SBJson4StreamTokeniser.m; sourceTree = "<group>"; };
		22F3F98E1B284B82004E767E /* SBJson4StreamWriter.h */ = {isa = PBXFileReference; fileEncoding = 4; lastKnownFileType = sourcecode.c.h; path = SBJson4StreamWriter.h; sourceTree = "<group>"; };
		22F3F98F1B284B82004E767E /* SBJson4StreamWriter.m */ = {isa = PBXFileReference; fileEncoding = 4; lastKnownFileType = sourcecode.c.objc; path = SBJson4StreamWriter.m; sourceTree = "<group>"; };
		22F3F9901B284B82004E767E /* SBJson4StreamWriterState.h */ = {isa = PBXFileReference; fileEncoding = 4; lastKnownFileType = sourcecode.c.h; path = SBJson4StreamWriterState.h; sourceTree = "<group>"; };
		22F3F9911B284B82004E767E /* SBJson4StreamWriterState.m */ = {isa = PBXFileReference; fileEncoding = 4; lastKnownFileType = sourcecode.c.objc; path = SBJson4StreamWriterState.m; sourceTree = "<group>"; };
		22F3F9921B284B82004E767E /* SBJson4Writer.h */ = {isa = PBXFileReference; fileEncoding = 4; lastKnownFileType = sourcecode.c.h; path = SBJson4Writer.h; sourceTree = "<group>"; };
		22F3F9931B284B82004E767E /* SBJson4Writer.m */ = {isa = PBXFileReference; fileEncoding = 4; lastKnownFileType = sourcecode.c.objc; path = SBJson4Writer.m; sourceTree = "<group>"; };
		22F3F99B1B286551004E767E /* SelfAgile.db */ = {isa = PBXFileReference; lastKnownFileType = file; path = SelfAgile.db; sourceTree = "<group>"; };
/* End PBXFileReference section */

/* Begin PBXFrameworksBuildPhase section */
		22C971F01B27022A00B568FD /* Frameworks */ = {
			isa = PBXFrameworksBuildPhase;
			buildActionMask = 2147483647;
			files = (
				22C972341B27077A00B568FD /* CoreGraphics.framework in Frameworks */,
				22C972321B27076B00B568FD /* Foundation.framework in Frameworks */,
				22C9722F1B27075300B568FD /* UIKit.framework in Frameworks */,
				22C972301B27075300B568FD /* libsqlite3.dylib in Frameworks */,
			);
			runOnlyForDeploymentPostprocessing = 0;
		};
		22C972091B27022A00B568FD /* Frameworks */ = {
			isa = PBXFrameworksBuildPhase;
			buildActionMask = 2147483647;
			files = (
			);
			runOnlyForDeploymentPostprocessing = 0;
		};
/* End PBXFrameworksBuildPhase section */

/* Begin PBXGroup section */
		22AD72BF1B30539E00910F87 /* DOPNavbarMenu */ = {
			isa = PBXGroup;
			children = (
				22AD72C01B30539E00910F87 /* DOPNavbarMenu.h */,
				22AD72C11B30539E00910F87 /* DOPNavbarMenu.m */,
				22AD72C21B30539E00910F87 /* UIView+DOPExtension.h */,
				22AD72C31B30539E00910F87 /* UIView+DOPExtension.m */,
			);
			path = DOPNavbarMenu;
			sourceTree = "<group>";
		};
		22AD72C61B3053A500910F87 /* LBorderView */ = {
			isa = PBXGroup;
			children = (
				22EA913D1B2C84A100BE3CA7 /* LBorderView.h */,
				22EA913E1B2C84A100BE3CA7 /* LBorderView.m */,
			);
			name = LBorderView;
			sourceTree = "<group>";
		};
		22C971EA1B27022A00B568FD = {
			isa = PBXGroup;
			children = (
				22C971F51B27022A00B568FD /* SelfAgile */,
				22C9720F1B27022A00B568FD /* SelfAgileTests */,
				22C971F41B27022A00B568FD /* Products */,
				22C9722E1B27072A00B568FD /* Frameworks */,
			);
			sourceTree = "<group>";
		};
		22C971F41B27022A00B568FD /* Products */ = {
			isa = PBXGroup;
			children = (
				22C971F31B27022A00B568FD /* SelfAgile.app */,
				22C9720C1B27022A00B568FD /* SelfAgileTests.xctest */,
			);
			name = Products;
			sourceTree = "<group>";
		};
		22C971F51B27022A00B568FD /* SelfAgile */ = {
			isa = PBXGroup;
			children = (
				22C9726F1B270C0000B568FD /* Images */,
				22C9723B1B27093300B568FD /* Views */,
				22C972381B2708E800B568FD /* ThirdParty */,
				22C972A11B2712C300B568FD /* Models */,
				22C972201B2705DA00B568FD /* Utils */,
				22C9721F1B2702B900B568FD /* ViewControllers */,
				22C971FA1B27022A00B568FD /* AppDelegate.h */,
				22C971FB1B27022A00B568FD /* AppDelegate.m */,
				22C972001B27022A00B568FD /* Main.storyboard */,
				22C972031B27022A00B568FD /* Images.xcassets */,
				22C971F61B27022A00B568FD /* Supporting Files */,
			);
			path = SelfAgile;
			sourceTree = "<group>";
		};
		22C971F61B27022A00B568FD /* Supporting Files */ = {
			isa = PBXGroup;
			children = (
				22F3F99B1B286551004E767E /* SelfAgile.db */,
				22C971F71B27022A00B568FD /* Info.plist */,
				22C971F81B27022A00B568FD /* main.m */,
				22C9722B1B2706B300B568FD /* PrefixHeader.pch */,
			);
			name = "Supporting Files";
			sourceTree = "<group>";
		};
		22C9720F1B27022A00B568FD /* SelfAgileTests */ = {
			isa = PBXGroup;
			children = (
				22C972121B27022A00B568FD /* SelfAgileTests.m */,
				22C972101B27022A00B568FD /* Supporting Files */,
			);
			path = SelfAgileTests;
			sourceTree = "<group>";
		};
		22C972101B27022A00B568FD /* Supporting Files */ = {
			isa = PBXGroup;
			children = (
				22C972111B27022A00B568FD /* Info.plist */,
			);
			name = "Supporting Files";
			sourceTree = "<group>";
		};
		22C9721F1B2702B900B568FD /* ViewControllers */ = {
			isa = PBXGroup;
			children = (
				22C972351B27084D00B568FD /* MainViewController.h */,
				22C972361B27084D00B568FD /* MainViewController.m */,
				221226C61B2AE98C0027EBD4 /* CreateTableViewController.h */,
				221226C71B2AE98C0027EBD4 /* CreateTableViewController.m */,
				22074DE71B369E23009227D7 /* OverViewTableViewController.h */,
				22074DE81B369E23009227D7 /* OverViewTableViewController.m */,
				22074DEA1B369EEC009227D7 /* HelpTableViewController.h */,
				22074DEB1B369EEC009227D7 /* HelpTableViewController.m */,
				22074DED1B369EFB009227D7 /* AboutTableViewController.h */,
				22074DEE1B369EFB009227D7 /* AboutTableViewController.m */,
				22074DF01B369F10009227D7 /* CreateSprintTableViewController.h */,
				22074DF11B369F10009227D7 /* CreateSprintTableViewController.m */,
			);
			name = ViewControllers;
			sourceTree = "<group>";
		};
		22C972201B2705DA00B568FD /* Utils */ = {
			isa = PBXGroup;
			children = (
				22EA91501B2D0B3400BE3CA7 /* NSDateExtension */,
				22EA914F1B2D0B1F00BE3CA7 /* UIColorExtension */,
				226591561B2C1CCC000ABB2B /* UIKitCustomUtils.h */,
				226591571B2C1CCC000ABB2B /* UIKitCustomUtils.m */,
				223FF26B1B2B1A7900F9D40F /* CusPickerView.h */,
				223FF26C1B2B1A7900F9D40F /* CusPickerView.m */,
				221226C01B2AE2E80027EBD4 /* UIViewExt.h */,
				221226C11B2AE2E80027EBD4 /* UIViewExt.m */,
				22F3F9801B284B13004E767E /* DictionaryJSONStringConvertor.h */,
				22F3F9811B284B13004E767E /* DictionaryJSONStringConvertor.m */,
				22C972981B270EE400B568FD /* UITableView+Helper.h */,
				22C972991B270EE400B568FD /* UITableView+Helper.m */,
				22C972241B2705ED00B568FD /* DBExecutingQueue.h */,
				22C972251B2705ED00B568FD /* DBExecutingQueue.m */,
				22C972211B2705E600B568FD /* DBManager.h */,
				22C972221B2705E600B568FD /* DBManager.m */,
				22C9729B1B27115200B568FD /* UIImage+Helper.h */,
				22C9729C1B27115200B568FD /* UIImage+Helper.m */,
				22AD72BE1B3050F800910F87 /* StringConstant.h */,
			);
			name = Utils;
			sourceTree = "<group>";
		};
		22C9722E1B27072A00B568FD /* Frameworks */ = {
			isa = PBXGroup;
			children = (
				22C972331B27077A00B568FD /* CoreGraphics.framework */,
				22C972311B27076B00B568FD /* Foundation.framework */,
				22C972271B27061800B568FD /* UIKit.framework */,
				22C9722C1B27071C00B568FD /* libsqlite3.dylib */,
			);
			name = Frameworks;
			sourceTree = "<group>";
		};
		22C972381B2708E800B568FD /* ThirdParty */ = {
			isa = PBXGroup;
			children = (
				22AD72C61B3053A500910F87 /* LBorderView */,
				22AD72BF1B30539E00910F87 /* DOPNavbarMenu */,
				22EA91511B2D0B8600BE3CA7 /* TWMessageBar */,
				22F3F9841B284B75004E767E /* SBJson */,
				22F3F9831B284B5D004E767E /* PullToReact */,
			);
			name = ThirdParty;
			sourceTree = "<group>";
		};
		22C9723B1B27093300B568FD /* Views */ = {
			isa = PBXGroup;
			children = (
				22C9723C1B27094F00B568FD /* MentionPullToReactView.h */,
				22C9723D1B27094F00B568FD /* MentionPullToReactView.m */,
				22C9729E1B27127900B568FD /* SAToDoTableViewCell.h */,
				22C9729F1B27127900B568FD /* SAToDoTableViewCell.m */,
				22C972A51B27130500B568FD /* SADoingTableViewCell.h */,
				22C972A61B27130500B568FD /* SADoingTableViewCell.m */,
				22C972A81B27131000B568FD /* SADoneTableViewCell.h */,
				22C972A91B27131000B568FD /* SADoneTableViewCell.m */,
			);
			name = Views;
			sourceTree = "<group>";
		};
		22C9726F1B270C0000B568FD /* Images */ = {
			isa = PBXGroup;
			children = (
				22C972701B270C0C00B568FD /* pulldown-archive-hled.png */,
				22C972711B270C0C00B568FD /* pulldown-archive-hled@2x.png */,
				22C972721B270C0C00B568FD /* pulldown-archive.png */,
				22C972731B270C0C00B568FD /* pulldown-archive@2x.png */,
				22C972781B270C0C00B568FD /* pulldown-favorite-hled.png */,
				22C972791B270C0C00B568FD /* pulldown-favorite-hled@2x.png */,
				22C9727A1B270C0C00B568FD /* pulldown-favorite.png */,
				22C9727B1B270C0C00B568FD /* pulldown-favorite@2x.png */,
				22C972801B270C0C00B568FD /* pulldown-trash-hled.png */,
				22C972811B270C0C00B568FD /* pulldown-trash-hled@2x.png */,
				22C972821B270C0C00B568FD /* pulldown-trash.png */,
				22C972831B270C0C00B568FD /* pulldown-trash@2x.png */,
			);
			name = Images;
			sourceTree = "<group>";
		};
		22C972A11B2712C300B568FD /* Models */ = {
			isa = PBXGroup;
			children = (
				22C972A21B2712E900B568FD /* SAEvent.h */,
				22C972A31B2712E900B568FD /* SAEvent.m */,
			);
			name = Models;
			sourceTree = "<group>";
		};
		22EA914F1B2D0B1F00BE3CA7 /* UIColorExtension */ = {
			isa = PBXGroup;
			children = (
				223FF2681B2AEEBE00F9D40F /* UIColor+HexString.h */,
				223FF2691B2AEEBE00F9D40F /* UIColor+HexString.m */,
				221226C31B2AE5F20027EBD4 /* UIColor+Custom.h */,
				221226C41B2AE5F20027EBD4 /* UIColor+Custom.m */,
			);
			name = UIColorExtension;
			sourceTree = "<group>";
		};
		22EA91501B2D0B3400BE3CA7 /* NSDateExtension */ = {
			isa = PBXGroup;
			children = (
				223FF2711B2B1C6200F9D40F /* NSDate+Helper.h */,
				223FF2721B2B1C6200F9D40F /* NSDate+Helper.m */,
				223FF26E1B2B1AB300F9D40F /* DateHelper.h */,
				223FF26F1B2B1AB300F9D40F /* DateHelper.m */,
			);
			name = NSDateExtension;
			sourceTree = "<group>";
		};
		22EA91511B2D0B8600BE3CA7 /* TWMessageBar */ = {
			isa = PBXGroup;
			children = (
				22EA91521B2D0BB800BE3CA7 /* icon */,
				22EA91401B2D0AC500BE3CA7 /* TWMessageBarManager.h */,
				22EA91411B2D0AC500BE3CA7 /* TWMessageBarManager.m */,
			);
			name = TWMessageBar;
			sourceTree = "<group>";
		};
		22EA91521B2D0BB800BE3CA7 /* icon */ = {
			isa = PBXGroup;
			children = (
				22EA91431B2D0AD600BE3CA7 /* icon-error.png */,
				22EA91441B2D0AD600BE3CA7 /* icon-error@2x.png */,
				22EA91451B2D0AD600BE3CA7 /* icon-info.png */,
				22EA91461B2D0AD600BE3CA7 /* icon-info@2x.png */,
				22EA91471B2D0AD600BE3CA7 /* icon-success.png */,
				22EA91481B2D0AD600BE3CA7 /* icon-success@2x.png */,
			);
			name = icon;
			sourceTree = "<group>";
		};
		22F3F9831B284B5D004E767E /* PullToReact */ = {
			isa = PBXGroup;
			children = (
				22C972571B270AC500B568FD /* MNTFakeGestureRecognizer.h */,
				22C972581B270AC500B568FD /* MNTFakeGestureRecognizer.m */,
				22C972591B270AC500B568FD /* MNTPullToReactControl.h */,
				22C9725A1B270AC500B568FD /* MNTPullToReactControl.m */,
				22C9725B1B270AC500B568FD /* MNTPullToReactControl+Private.h */,
				22C9725C1B270AC500B568FD /* MNTPullToReactControl+Utils.h */,
				22C9725D1B270AC500B568FD /* MNTPullToReactControl+Utils.m */,
				22C9725E1B270AC500B568FD /* MNTPullToReactDefaultView.h */,
				22C9725F1B270AC500B568FD /* MNTPullToReactDefaultView.m */,
				22C972601B270AC500B568FD /* MNTPullToReactView.h */,
				22C972611B270AC500B568FD /* MNTPullToReactView.m */,
				22C972621B270AC500B568FD /* PullToReact-Prefix.pch */,
				22C972631B270AC500B568FD /* PullToReact.h */,
				22C972641B270AC500B568FD /* UITableView+MNTPullToReact.h */,
				22C972651B270AC500B568FD /* UITableView+MNTPullToReact.m */,
				22C972661B270AC500B568FD /* UIWebView+MNTPullToReact.h */,
				22C972671B270AC500B568FD /* UIWebView+MNTPullToReact.m */,
			);
			name = PullToReact;
			sourceTree = "<group>";
		};
		22F3F9841B284B75004E767E /* SBJson */ = {
			isa = PBXGroup;
			children = (
				22F3F9851B284B82004E767E /* SBJson4.h */,
				22F3F9861B284B82004E767E /* SBJson4Parser.h */,
				22F3F9871B284B82004E767E /* SBJson4Parser.m */,
				22F3F9881B284B82004E767E /* SBJson4StreamParser.h */,
				22F3F9891B284B82004E767E /* SBJson4StreamParser.m */,
				22F3F98A1B284B82004E767E /* SBJson4StreamParserState.h */,
				22F3F98B1B284B82004E767E /* SBJson4StreamParserState.m */,
				22F3F98C1B284B82004E767E /* SBJson4StreamTokeniser.h */,
				22F3F98D1B284B82004E767E /* SBJson4StreamTokeniser.m */,
				22F3F98E1B284B82004E767E /* SBJson4StreamWriter.h */,
				22F3F98F1B284B82004E767E /* SBJson4StreamWriter.m */,
				22F3F9901B284B82004E767E /* SBJson4StreamWriterState.h */,
				22F3F9911B284B82004E767E /* SBJson4StreamWriterState.m */,
				22F3F9921B284B82004E767E /* SBJson4Writer.h */,
				22F3F9931B284B82004E767E /* SBJson4Writer.m */,
			);
			name = SBJson;
			sourceTree = "<group>";
		};
/* End PBXGroup section */

/* Begin PBXNativeTarget section */
		22C971F21B27022A00B568FD /* SelfAgile */ = {
			isa = PBXNativeTarget;
			buildConfigurationList = 22C972161B27022A00B568FD /* Build configuration list for PBXNativeTarget "SelfAgile" */;
			buildPhases = (
				22C971EF1B27022A00B568FD /* Sources */,
				22C971F01B27022A00B568FD /* Frameworks */,
				22C971F11B27022A00B568FD /* Resources */,
			);
			buildRules = (
			);
			dependencies = (
			);
			name = SelfAgile;
			productName = SelfAgile;
			productReference = 22C971F31B27022A00B568FD /* SelfAgile.app */;
			productType = "com.apple.product-type.application";
		};
		22C9720B1B27022A00B568FD /* SelfAgileTests */ = {
			isa = PBXNativeTarget;
			buildConfigurationList = 22C972191B27022A00B568FD /* Build configuration list for PBXNativeTarget "SelfAgileTests" */;
			buildPhases = (
				22C972081B27022A00B568FD /* Sources */,
				22C972091B27022A00B568FD /* Frameworks */,
				22C9720A1B27022A00B568FD /* Resources */,
			);
			buildRules = (
			);
			dependencies = (
				22C9720E1B27022A00B568FD /* PBXTargetDependency */,
			);
			name = SelfAgileTests;
			productName = SelfAgileTests;
			productReference = 22C9720C1B27022A00B568FD /* SelfAgileTests.xctest */;
			productType = "com.apple.product-type.bundle.unit-test";
		};
/* End PBXNativeTarget section */

/* Begin PBXProject section */
		22C971EB1B27022A00B568FD /* Project object */ = {
			isa = PBXProject;
			attributes = {
				LastUpgradeCheck = 0630;
				ORGANIZATIONNAME = "chen Yuheng";
				TargetAttributes = {
					22C971F21B27022A00B568FD = {
						CreatedOnToolsVersion = 6.3;
					};
					22C9720B1B27022A00B568FD = {
						CreatedOnToolsVersion = 6.3;
						TestTargetID = 22C971F21B27022A00B568FD;
					};
				};
			};
			buildConfigurationList = 22C971EE1B27022A00B568FD /* Build configuration list for PBXProject "SelfAgile" */;
			compatibilityVersion = "Xcode 3.2";
			developmentRegion = English;
			hasScannedForEncodings = 0;
			knownRegions = (
				en,
				Base,
			);
			mainGroup = 22C971EA1B27022A00B568FD;
			productRefGroup = 22C971F41B27022A00B568FD /* Products */;
			projectDirPath = "";
			projectRoot = "";
			targets = (
				22C971F21B27022A00B568FD /* SelfAgile */,
				22C9720B1B27022A00B568FD /* SelfAgileTests */,
			);
		};
/* End PBXProject section */

/* Begin PBXResourcesBuildPhase section */
		22C971F11B27022A00B568FD /* Resources */ = {
			isa = PBXResourcesBuildPhase;
			buildActionMask = 2147483647;
			files = (
				22C972941B270C0C00B568FD /* pulldown-trash-hled.png in Resources */,
				22EA91491B2D0AD600BE3CA7 /* icon-error.png in Resources */,
				22EA914B1B2D0AD600BE3CA7 /* icon-info.png in Resources */,
				22EA914A1B2D0AD600BE3CA7 /* icon-error@2x.png in Resources */,
				22C9728E1B270C0C00B568FD /* pulldown-favorite.png in Resources */,
				22C972961B270C0C00B568FD /* pulldown-trash.png in Resources */,
				22C9728C1B270C0C00B568FD /* pulldown-favorite-hled.png in Resources */,
				22C972021B27022A00B568FD /* Main.storyboard in Resources */,
				22EA914E1B2D0AD600BE3CA7 /* icon-success@2x.png in Resources */,
				22C9728D1B270C0C00B568FD /* pulldown-favorite-hled@2x.png in Resources */,
				22C9728F1B270C0C00B568FD /* pulldown-favorite@2x.png in Resources */,
				22C972851B270C0C00B568FD /* pulldown-archive-hled@2x.png in Resources */,
				22C972861B270C0C00B568FD /* pulldown-archive.png in Resources */,
				22C972841B270C0C00B568FD /* pulldown-archive-hled.png in Resources */,
				22C972971B270C0C00B568FD /* pulldown-trash@2x.png in Resources */,
				22EA914D1B2D0AD600BE3CA7 /* icon-success.png in Resources */,
				22F3F99C1B286551004E767E /* SelfAgile.db in Resources */,
				22C972951B270C0C00B568FD /* pulldown-trash-hled@2x.png in Resources */,
				22C972871B270C0C00B568FD /* pulldown-archive@2x.png in Resources */,
				22C972041B27022A00B568FD /* Images.xcassets in Resources */,
				22EA914C1B2D0AD600BE3CA7 /* icon-info@2x.png in Resources */,
			);
			runOnlyForDeploymentPostprocessing = 0;
		};
		22C9720A1B27022A00B568FD /* Resources */ = {
			isa = PBXResourcesBuildPhase;
			buildActionMask = 2147483647;
			files = (
			);
			runOnlyForDeploymentPostprocessing = 0;
		};
/* End PBXResourcesBuildPhase section */

/* Begin PBXSourcesBuildPhase section */
		22C971EF1B27022A00B568FD /* Sources */ = {
			isa = PBXSourcesBuildPhase;
			buildActionMask = 2147483647;
			files = (
				22AD72C51B30539F00910F87 /* UIView+DOPExtension.m in Sources */,
				22EA91421B2D0AC500BE3CA7 /* TWMessageBarManager.m in Sources */,
				22F3F9951B284B82004E767E /* SBJson4StreamParser.m in Sources */,
				22C971FC1B27022A00B568FD /* AppDelegate.m in Sources */,
				22C972691B270AC500B568FD /* MNTPullToReactControl.m in Sources */,
				22C972681B270AC500B568FD /* MNTFakeGestureRecognizer.m in Sources */,
				22F3F9961B284B82004E767E /* SBJson4StreamParserState.m in Sources */,
				22C9729D1B27115200B568FD /* UIImage+Helper.m in Sources */,
				22C9723E1B27094F00B568FD /* MentionPullToReactView.m in Sources */,
				22C972A41B2712E900B568FD /* SAEvent.m in Sources */,
				22F3F9941B284B82004E767E /* SBJson4Parser.m in Sources */,
				22074DF21B369F10009227D7 /* CreateSprintTableViewController.m in Sources */,
				22C9726B1B270AC500B568FD /* MNTPullToReactDefaultView.m in Sources */,
				22F3F9821B284B13004E767E /* DictionaryJSONStringConvertor.m in Sources */,
				22074DEF1B369EFB009227D7 /* AboutTableViewController.m in Sources */,
				22C972371B27084D00B568FD /* MainViewController.m in Sources */,
				22C9726E1B270AC500B568FD /* UIWebView+MNTPullToReact.m in Sources */,
				22F3F99A1B284B82004E767E /* SBJson4Writer.m in Sources */,
				223FF26D1B2B1A7900F9D40F /* CusPickerView.m in Sources */,
				22C9726C1B270AC500B568FD /* MNTPullToReactView.m in Sources */,
				22F3F9971B284B82004E767E /* SBJson4StreamTokeniser.m in Sources */,
				221226C51B2AE5F20027EBD4 /* UIColor+Custom.m in Sources */,
				22C971F91B27022A00B568FD /* main.m in Sources */,
				22C972A71B27130500B568FD /* SADoingTableViewCell.m in Sources */,
				223FF2701B2B1AB300F9D40F /* DateHelper.m in Sources */,
				22EA913F1B2C84A100BE3CA7 /* LBorderView.m in Sources */,
				22C9726A1B270AC500B568FD /* MNTPullToReactControl+Utils.m in Sources */,
				22C9726D1B270AC500B568FD /* UITableView+MNTPullToReact.m in Sources */,
				221226C81B2AE98C0027EBD4 /* CreateTableViewController.m in Sources */,
				226591581B2C1CCC000ABB2B /* UIKitCustomUtils.m in Sources */,
				221226C21B2AE2E80027EBD4 /* UIViewExt.m in Sources */,
				22AD72C41B30539F00910F87 /* DOPNavbarMenu.m in Sources */,
				22074DE91B369E23009227D7 /* OverViewTableViewController.m in Sources */,
				22C972231B2705E600B568FD /* DBManager.m in Sources */,
				223FF2731B2B1C6200F9D40F /* NSDate+Helper.m in Sources */,
				22C972AA1B27131000B568FD /* SADoneTableViewCell.m in Sources */,
				22C972A01B27127900B568FD /* SAToDoTableViewCell.m in Sources */,
				22074DEC1B369EEC009227D7 /* HelpTableViewController.m in Sources */,
				22F3F9991B284B82004E767E /* SBJson4StreamWriterState.m in Sources */,
				22F3F9981B284B82004E767E /* SBJson4StreamWriter.m in Sources */,
				22C972261B2705ED00B568FD /* DBExecutingQueue.m in Sources */,
				223FF26A1B2AEEBE00F9D40F /* UIColor+HexString.m in Sources */,
				22C9729A1B270EE400B568FD /* UITableView+Helper.m in Sources */,
			);
			runOnlyForDeploymentPostprocessing = 0;
		};
		22C972081B27022A00B568FD /* Sources */ = {
			isa = PBXSourcesBuildPhase;
			buildActionMask = 2147483647;
			files = (
				22C972131B27022A00B568FD /* SelfAgileTests.m in Sources */,
			);
			runOnlyForDeploymentPostprocessing = 0;
		};
/* End PBXSourcesBuildPhase section */

/* Begin PBXTargetDependency section */
		22C9720E1B27022A00B568FD /* PBXTargetDependency */ = {
			isa = PBXTargetDependency;
			target = 22C971F21B27022A00B568FD /* SelfAgile */;
			targetProxy = 22C9720D1B27022A00B568FD /* PBXContainerItemProxy */;
		};
/* End PBXTargetDependency section */

/* Begin PBXVariantGroup section */
		22C972001B27022A00B568FD /* Main.storyboard */ = {
			isa = PBXVariantGroup;
			children = (
				22C972011B27022A00B568FD /* Base */,
			);
			name = Main.storyboard;
			sourceTree = "<group>";
		};
/* End PBXVariantGroup section */

/* Begin XCBuildConfiguration section */
		22C972141B27022A00B568FD /* Debug */ = {
			isa = XCBuildConfiguration;
			buildSettings = {
				ALWAYS_SEARCH_USER_PATHS = NO;
				CLANG_CXX_LANGUAGE_STANDARD = "gnu++0x";
				CLANG_CXX_LIBRARY = "libc++";
				CLANG_ENABLE_MODULES = YES;
				CLANG_ENABLE_OBJC_ARC = YES;
				CLANG_WARN_BOOL_CONVERSION = YES;
				CLANG_WARN_CONSTANT_CONVERSION = YES;
				CLANG_WARN_DIRECT_OBJC_ISA_USAGE = YES_ERROR;
				CLANG_WARN_EMPTY_BODY = YES;
				CLANG_WARN_ENUM_CONVERSION = YES;
				CLANG_WARN_INT_CONVERSION = YES;
				CLANG_WARN_OBJC_ROOT_CLASS = YES_ERROR;
				CLANG_WARN_UNREACHABLE_CODE = YES;
				CLANG_WARN__DUPLICATE_METHOD_MATCH = YES;
				"CODE_SIGN_IDENTITY[sdk=iphoneos*]" = "iPhone Developer";
				COPY_PHASE_STRIP = NO;
				DEBUG_INFORMATION_FORMAT = "dwarf-with-dsym";
				ENABLE_STRICT_OBJC_MSGSEND = YES;
				GCC_C_LANGUAGE_STANDARD = gnu99;
				GCC_DYNAMIC_NO_PIC = NO;
				GCC_NO_COMMON_BLOCKS = YES;
				GCC_OPTIMIZATION_LEVEL = 0;
				GCC_PREPROCESSOR_DEFINITIONS = (
					"DEBUG=1",
					"$(inherited)",
				);
				GCC_SYMBOLS_PRIVATE_EXTERN = NO;
				GCC_WARN_64_TO_32_BIT_CONVERSION = YES;
				GCC_WARN_ABOUT_RETURN_TYPE = YES_ERROR;
				GCC_WARN_UNDECLARED_SELECTOR = YES;
				GCC_WARN_UNINITIALIZED_AUTOS = YES_AGGRESSIVE;
				GCC_WARN_UNUSED_FUNCTION = YES;
				GCC_WARN_UNUSED_VARIABLE = YES;
				IPHONEOS_DEPLOYMENT_TARGET = 8.3;
				MTL_ENABLE_DEBUG_INFO = YES;
				ONLY_ACTIVE_ARCH = YES;
				SDKROOT = iphoneos;
			};
			name = Debug;
		};
		22C972151B27022A00B568FD /* Release */ = {
			isa = XCBuildConfiguration;
			buildSettings = {
				ALWAYS_SEARCH_USER_PATHS = NO;
				CLANG_CXX_LANGUAGE_STANDARD = "gnu++0x";
				CLANG_CXX_LIBRARY = "libc++";
				CLANG_ENABLE_MODULES = YES;
				CLANG_ENABLE_OBJC_ARC = YES;
				CLANG_WARN_BOOL_CONVERSION = YES;
				CLANG_WARN_CONSTANT_CONVERSION = YES;
				CLANG_WARN_DIRECT_OBJC_ISA_USAGE = YES_ERROR;
				CLANG_WARN_EMPTY_BODY = YES;
				CLANG_WARN_ENUM_CONVERSION = YES;
				CLANG_WARN_INT_CONVERSION = YES;
				CLANG_WARN_OBJC_ROOT_CLASS = YES_ERROR;
				CLANG_WARN_UNREACHABLE_CODE = YES;
				CLANG_WARN__DUPLICATE_METHOD_MATCH = YES;
				"CODE_SIGN_IDENTITY[sdk=iphoneos*]" = "iPhone Developer";
				COPY_PHASE_STRIP = NO;
				DEBUG_INFORMATION_FORMAT = "dwarf-with-dsym";
				ENABLE_NS_ASSERTIONS = NO;
				ENABLE_STRICT_OBJC_MSGSEND = YES;
				GCC_C_LANGUAGE_STANDARD = gnu99;
				GCC_NO_COMMON_BLOCKS = YES;
				GCC_WARN_64_TO_32_BIT_CONVERSION = YES;
				GCC_WARN_ABOUT_RETURN_TYPE = YES_ERROR;
				GCC_WARN_UNDECLARED_SELECTOR = YES;
				GCC_WARN_UNINITIALIZED_AUTOS = YES_AGGRESSIVE;
				GCC_WARN_UNUSED_FUNCTION = YES;
				GCC_WARN_UNUSED_VARIABLE = YES;
				IPHONEOS_DEPLOYMENT_TARGET = 8.3;
				MTL_ENABLE_DEBUG_INFO = NO;
				SDKROOT = iphoneos;
				VALIDATE_PRODUCT = YES;
			};
			name = Release;
		};
		22C972171B27022A00B568FD /* Debug */ = {
			isa = XCBuildConfiguration;
			buildSettings = {
				ALWAYS_SEARCH_USER_PATHS = NO;
				ASSETCATALOG_COMPILER_APPICON_NAME = AppIcon;
				ASSETCATALOG_COMPILER_LAUNCHIMAGE_NAME = LaunchImage;
				HEADER_SEARCH_PATHS = (
					"$(inherited)",
					/Applications/Xcode.app/Contents/Developer/Toolchains/XcodeDefault.xctoolchain/usr/include,
				);
				INFOPLIST_FILE = SelfAgile/Info.plist;
				IPHONEOS_DEPLOYMENT_TARGET = 7.1;
				LD_RUNPATH_SEARCH_PATHS = "$(inherited) @executable_path/Frameworks";
				LIBRARY_SEARCH_PATHS = (
					"$(inherited)",
					"$(PROJECT_DIR)",
				);
				PRODUCT_NAME = "$(TARGET_NAME)";
				USER_HEADER_SEARCH_PATHS = "";
			};
			name = Debug;
		};
		22C972181B27022A00B568FD /* Release */ = {
			isa = XCBuildConfiguration;
			buildSettings = {
				ALWAYS_SEARCH_USER_PATHS = NO;
				ASSETCATALOG_COMPILER_APPICON_NAME = AppIcon;
				ASSETCATALOG_COMPILER_LAUNCHIMAGE_NAME = LaunchImage;
				HEADER_SEARCH_PATHS = (
					"$(inherited)",
					/Applications/Xcode.app/Contents/Developer/Toolchains/XcodeDefault.xctoolchain/usr/include,
				);
				INFOPLIST_FILE = SelfAgile/Info.plist;
				IPHONEOS_DEPLOYMENT_TARGET = 7.1;
				LD_RUNPATH_SEARCH_PATHS = "$(inherited) @executable_path/Frameworks";
				LIBRARY_SEARCH_PATHS = (
					"$(inherited)",
					"$(PROJECT_DIR)",
				);
				PRODUCT_NAME = "$(TARGET_NAME)";
				USER_HEADER_SEARCH_PATHS = "";
			};
			name = Release;
		};
		22C9721A1B27022A00B568FD /* Debug */ = {
			isa = XCBuildConfiguration;
			buildSettings = {
				BUNDLE_LOADER = "$(TEST_HOST)";
				FRAMEWORK_SEARCH_PATHS = (
					"$(SDKROOT)/Developer/Library/Frameworks",
					"$(inherited)",
				);
				GCC_PREPROCESSOR_DEFINITIONS = (
					"DEBUG=1",
					"$(inherited)",
				);
				INFOPLIST_FILE = SelfAgileTests/Info.plist;
				LD_RUNPATH_SEARCH_PATHS = "$(inherited) @executable_path/Frameworks @loader_path/Frameworks";
				PRODUCT_NAME = "$(TARGET_NAME)";
				TEST_HOST = "$(BUILT_PRODUCTS_DIR)/SelfAgile.app/SelfAgile";
			};
			name = Debug;
		};
		22C9721B1B27022A00B568FD /* Release */ = {
			isa = XCBuildConfiguration;
			buildSettings = {
				BUNDLE_LOADER = "$(TEST_HOST)";
				FRAMEWORK_SEARCH_PATHS = (
					"$(SDKROOT)/Developer/Library/Frameworks",
					"$(inherited)",
				);
				INFOPLIST_FILE = SelfAgileTests/Info.plist;
				LD_RUNPATH_SEARCH_PATHS = "$(inherited) @executable_path/Frameworks @loader_path/Frameworks";
				PRODUCT_NAME = "$(TARGET_NAME)";
				TEST_HOST = "$(BUILT_PRODUCTS_DIR)/SelfAgile.app/SelfAgile";
			};
			name = Release;
		};
/* End XCBuildConfiguration section */

/* Begin XCConfigurationList section */
		22C971EE1B27022A00B568FD /* Build configuration list for PBXProject "SelfAgile" */ = {
			isa = XCConfigurationList;
			buildConfigurations = (
				22C972141B27022A00B568FD /* Debug */,
				22C972151B27022A00B568FD /* Release */,
			);
			defaultConfigurationIsVisible = 0;
			defaultConfigurationName = Release;
		};
		22C972161B27022A00B568FD /* Build configuration list for PBXNativeTarget "SelfAgile" */ = {
			isa = XCConfigurationList;
			buildConfigurations = (
				22C972171B27022A00B568FD /* Debug */,
				22C972181B27022A00B568FD /* Release */,
			);
			defaultConfigurationIsVisible = 0;
			defaultConfigurationName = Release;
		};
		22C972191B27022A00B568FD /* Build configuration list for PBXNativeTarget "SelfAgileTests" */ = {
			isa = XCConfigurationList;
			buildConfigurations = (
				22C9721A1B27022A00B568FD /* Debug */,
				22C9721B1B27022A00B568FD /* Release */,
			);
			defaultConfigurationIsVisible = 0;
			defaultConfigurationName = Release;
		};
/* End XCConfigurationList section */
	};
	rootObject = 22C971EB1B27022A00B568FD /* Project object */;
}
